// !$*UTF8*$!
{
	archiveVersion = 1;
	classes = {
	};
	objectVersion = 50;
	objects = {

/* Begin PBXBuildFile section */
		89F301BE24BB15070033D724 /* AppDelegate.swift in Sources */ = {isa = PBXBuildFile; fileRef = 89F301BD24BB15070033D724 /* AppDelegate.swift */; };
		89F301C024BB15070033D724 /* GameScene.sks in Resources */ = {isa = PBXBuildFile; fileRef = 89F301BF24BB15070033D724 /* GameScene.sks */; };
		89F301C224BB15070033D724 /* Actions.sks in Resources */ = {isa = PBXBuildFile; fileRef = 89F301C124BB15070033D724 /* Actions.sks */; };
		89F301C424BB15070033D724 /* GameScene.swift in Sources */ = {isa = PBXBuildFile; fileRef = 89F301C324BB15070033D724 /* GameScene.swift */; };
		89F301C624BB15070033D724 /* GameViewController.swift in Sources */ = {isa = PBXBuildFile; fileRef = 89F301C524BB15070033D724 /* GameViewController.swift */; };
		89F301C924BB15070033D724 /* Main.storyboard in Resources */ = {isa = PBXBuildFile; fileRef = 89F301C724BB15070033D724 /* Main.storyboard */; };
		89F301CB24BB15080033D724 /* Assets.xcassets in Resources */ = {isa = PBXBuildFile; fileRef = 89F301CA24BB15080033D724 /* Assets.xcassets */; };
		89F301CE24BB15080033D724 /* LaunchScreen.storyboard in Resources */ = {isa = PBXBuildFile; fileRef = 89F301CC24BB15080033D724 /* LaunchScreen.storyboard */; };
/* End PBXBuildFile section */

/* Begin PBXFileReference section */
		89F301BA24BB15070033D724 /* for_night.app */ = {isa = PBXFileReference; explicitFileType = wrapper.application; includeInIndex = 0; path = for_night.app; sourceTree = BUILT_PRODUCTS_DIR; };
		89F301BD24BB15070033D724 /* AppDelegate.swift */ = {isa = PBXFileReference; lastKnownFileType = sourcecode.swift; path = AppDelegate.swift; sourceTree = "<group>"; };
		89F301BF24BB15070033D724 /* GameScene.sks */ = {isa = PBXFileReference; lastKnownFileType = file.sks; path = GameScene.sks; sourceTree = "<group>"; };
		89F301C124BB15070033D724 /* Actions.sks */ = {isa = PBXFileReference; lastKnownFileType = file.sks; path = Actions.sks; sourceTree = "<group>"; };
		89F301C324BB15070033D724 /* GameScene.swift */ = {isa = PBXFileReference; lastKnownFileType = sourcecode.swift; path = GameScene.swift; sourceTree = "<group>"; };
		89F301C524BB15070033D724 /* GameViewController.swift */ = {isa = PBXFileReference; lastKnownFileType = sourcecode.swift; path = GameViewController.swift; sourceTree = "<group>"; };
		89F301C824BB15070033D724 /* Base */ = {isa = PBXFileReference; lastKnownFileType = file.storyboard; name = Base; path = Base.lproj/Main.storyboard; sourceTree = "<group>"; };
		89F301CA24BB15080033D724 /* Assets.xcassets */ = {isa = PBXFileReference; lastKnownFileType = folder.assetcatalog; path = Assets.xcassets; sourceTree = "<group>"; };
		89F301CD24BB15080033D724 /* Base */ = {isa = PBXFileReference; lastKnownFileType = file.storyboard; name = Base; path = Base.lproj/LaunchScreen.storyboard; sourceTree = "<group>"; };
		89F301CF24BB15080033D724 /* Info.plist */ = {isa = PBXFileReference; lastKnownFileType = text.plist.xml; path = Info.plist; sourceTree = "<group>"; };
/* End PBXFileReference section */

/* Begin PBXFrameworksBuildPhase section */
		89F301B724BB15070033D724 /* Frameworks */ = {
			isa = PBXFrameworksBuildPhase;
			buildActionMask = 2147483647;
			files = (
			);
			runOnlyForDeploymentPostprocessing = 0;
		};
/* End PBXFrameworksBuildPhase section */

/* Begin PBXGroup section */
		89F301B124BB15060033D724 = {
			isa = PBXGroup;
			children = (
				89F301BC24BB15070033D724 /* for_night */,
				89F301BB24BB15070033D724 /* Products */,
			);
			sourceTree = "<group>";
		};
		89F301BB24BB15070033D724 /* Products */ = {
			isa = PBXGroup;
			children = (
				89F301BA24BB15070033D724 /* for_night.app */,
			);
			name = Products;
			sourceTree = "<group>";
		};
		89F301BC24BB15070033D724 /* for_night */ = {
			isa = PBXGroup;
			children = (
				89F301D824BB1E3D0033D724 /* Sound */,
				89F301D724BB1E260033D724 /* Controllers */,
				89F301D624BB1E090033D724 /* Scenes */,
				89F301D524BB1A070033D724 /* Delegate */,
				89F301BF24BB15070033D724 /* GameScene.sks */,
				89F301C124BB15070033D724 /* Actions.sks */,
				89F301C724BB15070033D724 /* Main.storyboard */,
				89F301CA24BB15080033D724 /* Assets.xcassets */,
				89F301CC24BB15080033D724 /* LaunchScreen.storyboard */,
				89F301CF24BB15080033D724 /* Info.plist */,
			);
			path = for_night;
			sourceTree = "<group>";
		};
		89F301D524BB1A070033D724 /* Delegate */ = {
			isa = PBXGroup;
			children = (
				89F301BD24BB15070033D724 /* AppDelegate.swift */,
			);
			path = Delegate;
			sourceTree = "<group>";
		};
		89F301D624BB1E090033D724 /* Scenes */ = {
			isa = PBXGroup;
			children = (
				89F301C324BB15070033D724 /* GameScene.swift */,
			);
			path = Scenes;
			sourceTree = "<group>";
		};
		89F301D724BB1E260033D724 /* Controllers */ = {
			isa = PBXGroup;
			children = (
				89F301C524BB15070033D724 /* GameViewController.swift */,
			);
			path = Controllers;
			sourceTree = "<group>";
		};
		89F301D824BB1E3D0033D724 /* Sound */ = {
			isa = PBXGroup;
			children = (
			);
			path = Sound;
			sourceTree = "<group>";
		};
/* End PBXGroup section */

/* Begin PBXNativeTarget section */
		89F301B924BB15070033D724 /* for_night */ = {
			isa = PBXNativeTarget;
			buildConfigurationList = 89F301D224BB15080033D724 /* Build configuration list for PBXNativeTarget "for_night" */;
			buildPhases = (
				89F301B624BB15070033D724 /* Sources */,
				89F301B724BB15070033D724 /* Frameworks */,
				89F301B824BB15070033D724 /* Resources */,
			);
			buildRules = (
			);
			dependencies = (
			);
			name = for_night;
			productName = for_night;
			productReference = 89F301BA24BB15070033D724 /* for_night.app */;
			productType = "com.apple.product-type.application";
		};
/* End PBXNativeTarget section */

/* Begin PBXProject section */
		89F301B224BB15060033D724 /* Project object */ = {
			isa = PBXProject;
			attributes = {
				LastSwiftUpdateCheck = 1150;
				LastUpgradeCheck = 1150;
				ORGANIZATIONNAME = JE;
				TargetAttributes = {
					89F301B924BB15070033D724 = {
						CreatedOnToolsVersion = 11.5;
					};
				};
			};
			buildConfigurationList = 89F301B524BB15060033D724 /* Build configuration list for PBXProject "for_night" */;
			compatibilityVersion = "Xcode 9.3";
			developmentRegion = en;
			hasScannedForEncodings = 0;
			knownRegions = (
				en,
				Base,
			);
			mainGroup = 89F301B124BB15060033D724;
			productRefGroup = 89F301BB24BB15070033D724 /* Products */;
			projectDirPath = "";
			projectRoot = "";
			targets = (
				89F301B924BB15070033D724 /* for_night */,
			);
		};
/* End PBXProject section */

/* Begin PBXResourcesBuildPhase section */
		89F301B824BB15070033D724 /* Resources */ = {
			isa = PBXResourcesBuildPhase;
			buildActionMask = 2147483647;
			files = (
				89F301C924BB15070033D724 /* Main.storyboard in Resources */,
				89F301C024BB15070033D724 /* GameScene.sks in Resources */,
				89F301CB24BB15080033D724 /* Assets.xcassets in Resources */,
				89F301CE24BB15080033D724 /* LaunchScreen.storyboard in Resources */,
				89F301C224BB15070033D724 /* Actions.sks in Resources */,
			);
			runOnlyForDeploymentPostprocessing = 0;
		};
/* End PBXResourcesBuildPhase section */

/* Begin PBXSourcesBuildPhase section */
		89F301B624BB15070033D724 /* Sources */ = {
			isa = PBXSourcesBuildPhase;
			buildActionMask = 2147483647;
			files = (
				89F301C424BB15070033D724 /* GameScene.swift in Sources */,
				89F301C624BB15070033D724 /* GameViewController.swift in Sources */,
				89F301BE24BB15070033D724 /* AppDelegate.swift in Sources */,
			);
			runOnlyForDeploymentPostprocessing = 0;
		};
/* End PBXSourcesBuildPhase section */

/* Begin PBXVariantGroup section */
		89F301C724BB15070033D724 /* Main.storyboard */ = {
			isa = PBXVariantGroup;
			children = (
				89F301C824BB15070033D724 /* Base */,
			);
			name = Main.storyboard;
			sourceTree = "<group>";
		};
		89F301CC24BB15080033D724 /* LaunchScreen.storyboard */ = {
			isa = PBXVariantGroup;
			children = (
				89F301CD24BB15080033D724 /* Base */,
			);
			name = LaunchScreen.storyboard;
			sourceTree = "<group>";
		};
/* End PBXVariantGroup section */

/* Begin XCBuildConfiguration section */
		89F301D024BB15080033D724 /* Debug */ = {
			isa = XCBuildConfiguration;
			buildSettings = {
				ALWAYS_SEARCH_USER_PATHS = NO;
				CLANG_ANALYZER_NONNULL = YES;
				CLANG_ANALYZER_NUMBER_OBJECT_CONVERSION = YES_AGGRESSIVE;
				CLANG_CXX_LANGUAGE_STANDARD = "gnu++14";
				CLANG_CXX_LIBRARY = "libc++";
				CLANG_ENABLE_MODULES = YES;
				CLANG_ENABLE_OBJC_ARC = YES;
				CLANG_ENABLE_OBJC_WEAK = YES;
				CLANG_WARN_BLOCK_CAPTURE_AUTORELEASING = YES;
				CLANG_WARN_BOOL_CONVERSION = YES;
				CLANG_WARN_COMMA = YES;
				CLANG_WARN_CONSTANT_CONVERSION = YES;
				CLANG_WARN_DEPRECATED_OBJC_IMPLEMENTATIONS = YES;
				CLANG_WARN_DIRECT_OBJC_ISA_USAGE = YES_ERROR;
				CLANG_WARN_DOCUMENTATION_COMMENTS = YES;
				CLANG_WARN_EMPTY_BODY = YES;
				CLANG_WARN_ENUM_CONVERSION = YES;
				CLANG_WARN_INFINITE_RECURSION = YES;
				CLANG_WARN_INT_CONVERSION = YES;
				CLANG_WARN_NON_LITERAL_NULL_CONVERSION = YES;
				CLANG_WARN_OBJC_IMPLICIT_RETAIN_SELF = YES;
				CLANG_WARN_OBJC_LITERAL_CONVERSION = YES;
				CLANG_WARN_OBJC_ROOT_CLASS = YES_ERROR;
				CLANG_WARN_RANGE_LOOP_ANALYSIS = YES;
				CLANG_WARN_STRICT_PROTOTYPES = YES;
				CLANG_WARN_SUSPICIOUS_MOVE = YES;
				CLANG_WARN_UNGUARDED_AVAILABILITY = YES_AGGRESSIVE;
				CLANG_WARN_UNREACHABLE_CODE = YES;
				CLANG_WARN__DUPLICATE_METHOD_MATCH = YES;
				COPY_PHASE_STRIP = NO;
				DEBUG_INFORMATION_FORMAT = dwarf;
				ENABLE_STRICT_OBJC_MSGSEND = YES;
				ENABLE_TESTABILITY = YES;
				GCC_C_LANGUAGE_STANDARD = gnu11;
				GCC_DYNAMIC_NO_PIC = NO;
				GCC_NO_COMMON_BLOCKS = YES;
				GCC_OPTIMIZATION_LEVEL = 0;
				GCC_PREPROCESSOR_DEFINITIONS = (
					"DEBUG=1",
					"$(inherited)",
				);
				GCC_WARN_64_TO_32_BIT_CONVERSION = YES;
				GCC_WARN_ABOUT_RETURN_TYPE = YES_ERROR;
				GCC_WARN_UNDECLARED_SELECTOR = YES;
				GCC_WARN_UNINITIALIZED_AUTOS = YES_AGGRESSIVE;
				GCC_WARN_UNUSED_FUNCTION = YES;
				GCC_WARN_UNUSED_VARIABLE = YES;
				IPHONEOS_DEPLOYMENT_TARGET = 13.5;
				MTL_ENABLE_DEBUG_INFO = INCLUDE_SOURCE;
				MTL_FAST_MATH = YES;
				ONLY_ACTIVE_ARCH = YES;
				SDKROOT = iphoneos;
				SWIFT_ACTIVE_COMPILATION_CONDITIONS = DEBUG;
				SWIFT_OPTIMIZATION_LEVEL = "-Onone";
			};
			name = Debug;
		};
		89F301D124BB15080033D724 /* Release */ = {
			isa = XCBuildConfiguration;
			buildSettings = {
				ALWAYS_SEARCH_USER_PATHS = NO;
				CLANG_ANALYZER_NONNULL = YES;
				CLANG_ANALYZER_NUMBER_OBJECT_CONVERSION = YES_AGGRESSIVE;
				CLANG_CXX_LANGUAGE_STANDARD = "gnu++14";
				CLANG_CXX_LIBRARY = "libc++";
				CLANG_ENABLE_MODULES = YES;
				CLANG_ENABLE_OBJC_ARC = YES;
				CLANG_ENABLE_OBJC_WEAK = YES;
				CLANG_WARN_BLOCK_CAPTURE_AUTORELEASING = YES;
				CLANG_WARN_BOOL_CONVERSION = YES;
				CLANG_WARN_COMMA = YES;
				CLANG_WARN_CONSTANT_CONVERSION = YES;
				CLANG_WARN_DEPRECATED_OBJC_IMPLEMENTATIONS = YES;
				CLANG_WARN_DIRECT_OBJC_ISA_USAGE = YES_ERROR;
				CLANG_WARN_DOCUMENTATION_COMMENTS = YES;
				CLANG_WARN_EMPTY_BODY = YES;
				CLANG_WARN_ENUM_CONVERSION = YES;
				CLANG_WARN_INFINITE_RECURSION = YES;
				CLANG_WARN_INT_CONVERSION = YES;
				CLANG_WARN_NON_LITERAL_NULL_CONVERSION = YES;
				CLANG_WARN_OBJC_IMPLICIT_RETAIN_SELF = YES;
				CLANG_WARN_OBJC_LITERAL_CONVERSION = YES;
				CLANG_WARN_OBJC_ROOT_CLASS = YES_ERROR;
				CLANG_WARN_RANGE_LOOP_ANALYSIS = YES;
				CLANG_WARN_STRICT_PROTOTYPES = YES;
				CLANG_WARN_SUSPICIOUS_MOVE = YES;
				CLANG_WARN_UNGUARDED_AVAILABILITY = YES_AGGRESSIVE;
				CLANG_WARN_UNREACHABLE_CODE = YES;
				CLANG_WARN__DUPLICATE_METHOD_MATCH = YES;
				COPY_PHASE_STRIP = NO;
				DEBUG_INFORMATION_FORMAT = "dwarf-with-dsym";
				ENABLE_NS_ASSERTIONS = NO;
				ENABLE_STRICT_OBJC_MSGSEND = YES;
				GCC_C_LANGUAGE_STANDARD = gnu11;
				GCC_NO_COMMON_BLOCKS = YES;
				GCC_WARN_64_TO_32_BIT_CONVERSION = YES;
				GCC_WARN_ABOUT_RETURN_TYPE = YES_ERROR;
				GCC_WARN_UNDECLARED_SELECTOR = YES;
				GCC_WARN_UNINITIALIZED_AUTOS = YES_AGGRESSIVE;
				GCC_WARN_UNUSED_FUNCTION = YES;
				GCC_WARN_UNUSED_VARIABLE = YES;
				IPHONEOS_DEPLOYMENT_TARGET = 13.5;
				MTL_ENABLE_DEBUG_INFO = NO;
				MTL_FAST_MATH = YES;
				SDKROOT = iphoneos;
				SWIFT_COMPILATION_MODE = wholemodule;
				SWIFT_OPTIMIZATION_LEVEL = "-O";
				VALIDATE_PRODUCT = YES;
			};
			name = Release;
		};
		89F301D324BB15080033D724 /* Debug */ = {
			isa = XCBuildConfiguration;
			buildSettings = {
				ASSETCATALOG_COMPILER_APPICON_NAME = AppIcon;
				CODE_SIGN_STYLE = Automatic;
				DEVELOPMENT_TEAM = R8RAZ7A462;
				INFOPLIST_FILE = for_night/Info.plist;
				LD_RUNPATH_SEARCH_PATHS = (
					"$(inherited)",
					"@executable_path/Frameworks",
				);
				PRODUCT_BUNDLE_IDENTIFIER = "je.for-night";
				PRODUCT_NAME = "$(TARGET_NAME)";
				SWIFT_VERSION = 5.0;
				TARGETED_DEVICE_FAMILY = 2;
			};
			name = Debug;
		};
		89F301D424BB15080033D724 /* Release */ = {
			isa = XCBuildConfiguration;
			buildSettings = {
				ASSETCATALOG_COMPILER_APPICON_NAME = AppIcon;
				CODE_SIGN_STYLE = Automatic;
				DEVELOPMENT_TEAM = R8RAZ7A462;
				INFOPLIST_FILE = for_night/Info.plist;
				LD_RUNPATH_SEARCH_PATHS = (
					"$(inherited)",
					"@executable_path/Frameworks",
				);
				PRODUCT_BUNDLE_IDENTIFIER = "je.for-night";
				PRODUCT_NAME = "$(TARGET_NAME)";
				SWIFT_VERSION = 5.0;
				TARGETED_DEVICE_FAMILY = 2;
			};
			name = Release;
		};
/* End XCBuildConfiguration section */

/* Begin XCConfigurationList section */
		89F301B524BB15060033D724 /* Build configuration list for PBXProject "for_night" */ = {
			isa = XCConfigurationList;
			buildConfigurations = (
				89F301D024BB15080033D724 /* Debug */,
				89F301D124BB15080033D724 /* Release */,
			);
			defaultConfigurationIsVisible = 0;
			defaultConfigurationName = Release;
		};
		89F301D224BB15080033D724 /* Build configuration list for PBXNativeTarget "for_night" */ = {
			isa = XCConfigurationList;
			buildConfigurations = (
				89F301D324BB15080033D724 /* Debug */,
				89F301D424BB15080033D724 /* Release */,
			);
			defaultConfigurationIsVisible = 0;
			defaultConfigurationName = Release;
		};
/* End XCConfigurationList section */
	};
	rootObject = 89F301B224BB15060033D724 /* Project object */;
}
